
Microsoft Visual Studio Solution File, Format Version 12.00
# Visual Studio 15
VisualStudioVersion = 15.0.28307.421
MinimumVisualStudioVersion = 10.0.40219.1
Project("{FAE04EC0-301F-11D3-BF4B-00C04F79EFBC}") = "SeleniumFramework", "SeleniumFramework\SeleniumFramework.csproj", "{6CE89064-D5F8-4931-A606-A21FB90F6A88}"
EndProject
Project("{FAE04EC0-301F-11D3-BF4B-00C04F79EFBC}") = "SeleniumFramework.Test", "SeleniumFramework.Test\SeleniumFramework.Test.csproj", "{ACA3F39B-6EB6-43F6-A477-F645B9B9EE1B}"
EndProject
Global
	GlobalSection(SolutionConfigurationPlatforms) = preSolution
		Debug|Any CPU = Debug|Any CPU
		Release|Any CPU = Release|Any CPU
	EndGlobalSection
	GlobalSection(ProjectConfigurationPlatforms) = postSolution
		{6CE89064-D5F8-4931-A606-A21FB90F6A88}.Debug|Any CPU.ActiveCfg = Debug|Any CPU
		{6CE89064-D5F8-4931-A606-A21FB90F6A88}.Debug|Any CPU.Build.0 = Debug|Any CPU
		{6CE89064-D5F8-4931-A606-A21FB90F6A88}.Release|Any CPU.ActiveCfg = Release|Any CPU
		{6CE89064-D5F8-4931-A606-A21FB90F6A88}.Release|Any CPU.Build.0 = Release|Any CPU
		{ACA3F39B-6EB6-43F6-A477-F645B9B9EE1B}.Debug|Any CPU.ActiveCfg = Debug|Any CPU
		{ACA3F39B-6EB6-43F6-A477-F645B9B9EE1B}.Debug|Any CPU.Build.0 = Debug|Any CPU
		{ACA3F39B-6EB6-43F6-A477-F645B9B9EE1B}.Release|Any CPU.ActiveCfg = Release|Any CPU
		{ACA3F39B-6EB6-43F6-A477-F645B9B9EE1B}.Release|Any CPU.Build.0 = Release|Any CPU
	EndGlobalSection
	GlobalSection(SolutionProperties) = preSolution
		HideSolutionNode = FALSE
	EndGlobalSection
	GlobalSection(ExtensibilityGlobals) = postSolution
		SolutionGuid = {F5880AB5-B339-43F2-A0C2-39007C6A466F}
	EndGlobalSection
EndGlobal
